
Microsoft Visual Studio Solution File, Format Version 12.00
# Visual Studio Version 17
VisualStudioVersion = 17.5.002.0
MinimumVisualStudioVersion = 10.0.40219.1
Project("{9A19103F-16F7-4668-BE54-9A1E7A4F7556}") = "AUWalksAPI", "AUWalksAPI\AUWalksAPI.csproj", "{43EE780A-7243-481E-959D-3EB4C62B4E4B}"
EndProject
Global
	GlobalSection(SolutionConfigurationPlatforms) = preSolution
		Debug|Any CPU = Debug|Any CPU
		Release|Any CPU = Release|Any CPU
	EndGlobalSection
	GlobalSection(ProjectConfigurationPlatforms) = postSolution
		{43EE780A-7243-481E-959D-3EB4C62B4E4B}.Debug|Any CPU.ActiveCfg = Debug|Any CPU
		{43EE780A-7243-481E-959D-3EB4C62B4E4B}.Debug|Any CPU.Build.0 = Debug|Any CPU
		{43EE780A-7243-481E-959D-3EB4C62B4E4B}.Release|Any CPU.ActiveCfg = Release|Any CPU
		{43EE780A-7243-481E-959D-3EB4C62B4E4B}.Release|Any CPU.Build.0 = Release|Any CPU
	EndGlobalSection
	GlobalSection(SolutionProperties) = preSolution
		HideSolutionNode = FALSE
	EndGlobalSection
	GlobalSection(ExtensibilityGlobals) = postSolution
		SolutionGuid = {382610AF-D6D9-4712-8DF4-A0B7119AB141}
	EndGlobalSection
EndGlobal
